
Microsoft Visual Studio Solution File, Format Version 12.00
# Visual Studio Version 17
VisualStudioVersion = 17.0.31903.59
MinimumVisualStudioVersion = 10.0.40219.1
Project("{FAE04EC0-301F-11D3-BF4B-00C04F79EFBC}") = "PrimeService", "PrimeService\PrimeService.csproj", "{1809B3DA-BFDE-4CC7-B6F2-73F13278BBE8}"
EndProject
Project("{FAE04EC0-301F-11D3-BF4B-00C04F79EFBC}") = "PrimeService.Tests", "PrimeService.Tests\PrimeService.Tests.csproj", "{74F3D7D5-F3AF-4235-B1DE-C2086CCCB647}"
EndProject
Global
	GlobalSection(SolutionConfigurationPlatforms) = preSolution
		Debug|Any CPU = Debug|Any CPU
		Release|Any CPU = Release|Any CPU
	EndGlobalSection
	GlobalSection(SolutionProperties) = preSolution
		HideSolutionNode = FALSE
	EndGlobalSection
	GlobalSection(ProjectConfigurationPlatforms) = postSolution
		{1809B3DA-BFDE-4CC7-B6F2-73F13278BBE8}.Debug|Any CPU.ActiveCfg = Debug|Any CPU
		{1809B3DA-BFDE-4CC7-B6F2-73F13278BBE8}.Debug|Any CPU.Build.0 = Debug|Any CPU
		{1809B3DA-BFDE-4CC7-B6F2-73F13278BBE8}.Release|Any CPU.ActiveCfg = Release|Any CPU
		{1809B3DA-BFDE-4CC7-B6F2-73F13278BBE8}.Release|Any CPU.Build.0 = Release|Any CPU
		{74F3D7D5-F3AF-4235-B1DE-C2086CCCB647}.Debug|Any CPU.ActiveCfg = Debug|Any CPU
		{74F3D7D5-F3AF-4235-B1DE-C2086CCCB647}.Debug|Any CPU.Build.0 = Debug|Any CPU
		{74F3D7D5-F3AF-4235-B1DE-C2086CCCB647}.Release|Any CPU.ActiveCfg = Release|Any CPU
		{74F3D7D5-F3AF-4235-B1DE-C2086CCCB647}.Release|Any CPU.Build.0 = Release|Any CPU
	EndGlobalSection
EndGlobal
